{
  "nodes": {
    "crane": {
      "locked": {
        "lastModified": 1788465171,
        "narHash": "sha256-Y1/TTVXjYXGF068IThQH9fPSZ0SIE74PABlUxnWTUH0=",
        "owner": "ipetkov",
        "repo": "crane",
        "rev": "eb35abda9f232cc6610b1d1e3200d15c49b7ac54",
        "type": "github"
      },
      "original": {
        "owner": "ipetkov",
        "ref": "master",
        "repo": "crane",
        "type": "github"
      }
    },
    "deploy-rs": {
      "inputs": {
        "flake-compat": [
          "flake-compat"
        ],
        "nixpkgs": [
          "nixpkgs"
        ],
        "utils": [
          "flake-utils"
        ]
      },
      "locked": {
        "lastModified": 1788879443,
        "narHash": "sha256-qb9sL86UCUEd3SYAda4ItN1NV0vhMSdbpA64WckvVI0=",
        "owner": "serokell",
        "repo": "deploy-rs",
        "rev": "414ac5f35d79aabe5a0bf52451d8cf61eadf6c88",
        "type": "github"
      },
      "original": {
        "owner": "serokell",
        "ref": "master",
        "repo": "deploy-rs",
        "type": "github"
      }
    },
    "disko": {
      "inputs": {
        "nixpkgs": [
          "nixpkgs"
        ]
      },
      "locked": {
        "lastModified": 1781152676,
        "narHash": "sha256-RxWs5ND31KzTG7wvMM+PMfUjyNpmIEr999lqNARaM5o=",
        "owner": "nix-community",
        "repo": "disko",
        "rev": "ff8702b4de27f72b4c78573dfb89ec74e36abdf1",
        "type": "github"
      },
      "original": {
        "owner": "nix-community",
        "ref": "master",
        "repo": "disko",
        "type": "github"
      }
    },
    "flake-compat": {
      "locked": {
        "lastModified": 1777699697,
        "narHash": "sha256-Eg9b/rq/ECYwNwEXs5i9wHyhxNI0JrYx2srdI2uZMaQ=",
        "rev": "382052b74656a369c5408822af3f2501e9b1af81",
        "type": "tarball",
        "url": "https://git.lix.systems/api/v1/repos/lix-project/flake-compat/archive/382052b74656a369c5408822af3f2501e9b1af81.tar.gz"
      },
      "original": {
        "type": "tarball",
        "url": "https://git.lix.systems/lix-project/flake-compat/archive/main.tar.gz"
      }
    },
    "flake-parts": {
      "inputs": {
        "nixpkgs-lib": [
          "nixpkgs"
        ]
      },
      "locked": {
        "lastModified": 1788450739,
        "narHash": "sha256-glZLQlzIn1fXH6PazR2iUmTo7kzzyYSshrWhLS9TqCU=",
        "owner": "hercules-ci",
        "repo": "flake-parts",
        "rev": "31729ca8cbdb4fa927b34e5f4353e6a83f39e993",
        "type": "github"
      },
      "original": {
        "owner": "hercules-ci",
        "ref": "main",
        "repo": "flake-parts",
        "type": "github"
      }
    },
    "flake-utils": {
      "inputs": {
        "systems": [
          "systems"
        ]
      },
      "locked": {
        "lastModified": 1731533236,
        "narHash": "sha256-l0KFg5HjrsfsO/JpG+r7fRrqm12kzFHyUHqHCVpMMbI=",
        "owner": "numtide",
        "repo": "flake-utils",
        "rev": "11707dc2f618dd54ca8739b309ec4fc024de578b",
        "type": "github"
      },
      "original": {
        "owner": "numtide",
        "repo": "flake-utils",
        "type": "github"
      }
    },
    "flakey-profile": {
      "locked": {
        "lastModified": 1712898590,
        "narHash": "sha256-FhGIEU93VHAChKEXx905TSiPZKga69bWl1VB37FK//I=",
        "owner": "lf-",
        "repo": "flakey-profile",
        "rev": "243c903fd8eadc0f63d205665a92d4df91d42d9d",
        "type": "github"
      },
      "original": {
        "owner": "lf-",
        "ref": "main",
        "repo": "flakey-profile",
        "type": "github"
      }
    },
    "git-hooks": {
      "inputs": {
        "flake-compat": [
          "flake-compat"
        ],
        "nixpkgs": [
          "nixpkgs"
        ]
      },
      "locked": {
        "lastModified": 1788267358,
        "narHash": "sha256-nt+lUqYVpc9Y6JeMd2WmXzCDojasdadKo0mWcluvY2Y=",
        "owner": "cachix",
        "repo": "git-hooks.nix",
        "rev": "27555e2624241fb116b49095df4caaee85a25691",
        "type": "github"
      },
      "original": {
        "owner": "cachix",
        "ref": "master",
        "repo": "git-hooks.nix",
        "type": "github"
      }
    },
    "import-tree": {
      "locked": {
        "lastModified": 1788467110,
        "narHash": "sha256-ljEMTXP/rH0tOvDzc9gzwww6KcHRPRnEHzd9lK48V7s=",
        "owner": "vic",
        "repo": "import-tree",
        "rev": "eb1b52eaecc57f7c136d07ae8a93e724dfecac46",
        "type": "github"
      },
      "original": {
        "owner": "vic",
        "ref": "main",
        "repo": "import-tree",
        "type": "github"
      }
    },
    "microvm": {
      "inputs": {
        "nixpkgs": [
          "nixpkgs"
        ],
        "spectrum": []
      },
      "locked": {
        "lastModified": 1789082121,
        "narHash": "sha256-AS7YiRfU//W5a/+kHOWRrMI0mLuHQ9OQTVNfT6rUff4=",
        "owner": "microvm-nix",
        "repo": "microvm.nix",
        "rev": "1b99da49e9d1c8f15fd4911f7b8d2c4375758dcd",
        "type": "github"
      },
      "original": {
        "owner": "microvm-nix",
        "ref": "main",
        "repo": "microvm.nix",
        "type": "github"
      }
    },
    "nclock-background": {
      "inputs": {
        "flake-parts": [
          "flake-parts"
        ],
        "nixpkgs": [
          "nixpkgs"
        ]
      },
      "locked": {
        "lastModified": 1781326127,
        "narHash": "sha256-EJX/RP1QSqbykrrp6hwu5WYWuc8SQ7Xo18+p6zOp6Jc=",
        "owner": "StarryReverie",
        "repo": "nclock-background",
        "rev": "b4b0a71b95795244f21d9d967c899667916dba99",
        "type": "github"
      },
      "original": {
        "owner": "StarryReverie",
        "ref": "main",
        "repo": "nclock-background",
        "type": "github"
      }
    },
    "nix-maid": {
      "locked": {
        "lastModified": 1788344127,
        "narHash": "sha256-8fVrR6SZPp5Mol8KY6UwqeNAoWhqIWm/X/CbBZuTh70=",
        "rev": "cdb2642fc53479be55013f0d7728cfabc01f0d19",
        "type": "tarball",
        "url": "https://codeberg.org/api/v1/repos/viperML/nix-maid/archive/cdb2642fc53479be55013f0d7728cfabc01f0d19.tar.gz"
      },
      "original": {
        "type": "tarball",
        "url": "https://codeberg.org/viperML/nix-maid/archive/master.tar.gz"
      }
    },
    "nixpkgs": {
      "locked": {
        "lastModified": 1789006805,
        "narHash": "sha256-xB8mKMOx1IA9vTDNLmJZ6n4wCMq/cuWBBOzGCRnqxrU=",
        "owner": "NixOS",
        "repo": "nixpkgs",
        "rev": "8ce4ef6cb6f871616146b9fe26d2a5ae594e94fe",
        "type": "github"
      },
      "original": {
        "owner": "NixOS",
        "ref": "nixos-unstable",
        "repo": "nixpkgs",
        "type": "github"
      }
    },
    "preservation": {
      "locked": {
        "lastModified": 1757436102,
        "narHash": "sha256-mMI9IanU+Xw+pVogD2oT0I2kTmvz2Un/Apc5+CwUpEY=",
        "owner": "nix-community",
        "repo": "preservation",
        "rev": "93416f4614ad2dfed5b0dcf12f27e57d27a5ab11",
        "type": "github"
      },
      "original": {
        "owner": "nix-community",
        "ref": "main",
        "repo": "preservation",
        "type": "github"
      }
    },
    "root": {
      "inputs": {
        "crane": "crane",
        "deploy-rs": "deploy-rs",
        "disko": "disko",
        "flake-compat": "flake-compat",
        "flake-parts": "flake-parts",
        "flake-utils": "flake-utils",
        "flakey-profile": "flakey-profile",
        "git-hooks": "git-hooks",
        "import-tree": "import-tree",
        "microvm": "microvm",
        "nclock-background": "nclock-background",
        "nix-maid": "nix-maid",
        "nixpkgs": "nixpkgs",
        "preservation": "preservation",
        "selector4nix": "selector4nix",
        "starrynix-derivations": "starrynix-derivations",
        "starrynix-resources": "starrynix-resources",
        "stinkpot": "stinkpot",
        "systems": "systems",
        "vaultix": "vaultix",
        "wrapper-manager": "wrapper-manager"
      }
    },
    "selector4nix": {
      "inputs": {
        "crane": [
          "crane"
        ],
        "flake-parts": [
          "flake-parts"
        ],
        "nixpkgs": [
          "nixpkgs"
        ]
      },
      "locked": {
        "lastModified": 1789086988,
        "narHash": "sha256-PmyxwMULtvui92+YN0L5agHq+AdMyD8WDTKWp9wyAXM=",
        "owner": "StarryReverie",
        "repo": "selector4nix",
        "rev": "3ca3ee05f73a76979b98e772c90bf0608303dc16",
        "type": "github"
      },
      "original": {
        "owner": "StarryReverie",
        "ref": "master",
        "repo": "selector4nix",
        "type": "github"
      }
    },
    "starrynix-derivations": {
      "inputs": {
        "flake-compat": [
          "flake-compat"
        ],
        "flake-parts": [
          "flake-parts"
        ],
        "nixpkgs": [
          "nixpkgs"
        ]
      },
      "locked": {
        "lastModified": 1769565026,
        "narHash": "sha256-mJOqIV9pm5EyUyaVy/JGswc5doJH5dNYT9Gik3iwXyE=",
        "owner": "StarryReverie",
        "repo": "StarryNix-Derivations",
        "rev": "feaa6ff3b4e9795782d3b96e19b1dd0de6bdad46",
        "type": "github"
      },
      "original": {
        "owner": "StarryReverie",
        "ref": "master",
        "repo": "StarryNix-Derivations",
        "type": "github"
      }
    },
    "starrynix-resources": {
      "inputs": {
        "flake-compat": [
          "flake-compat"
        ],
        "flake-parts": [
          "flake-parts"
        ],
        "nixpkgs": [
          "nixpkgs"
        ]
      },
      "locked": {
        "lastModified": 1780158954,
        "narHash": "sha256-zLwlVqxFVVsI/lXbPr3/+Ix9gsWUD4ddtqTy4uRFO3M=",
        "owner": "StarryReverie",
        "repo": "StarryNix-Resources",
        "rev": "7f6a466b5226a90abb6e7d4b5e83be3793f1b0b2",
        "type": "github"
      },
      "original": {
        "owner": "StarryReverie",
        "ref": "master",
        "repo": "StarryNix-Resources",
        "type": "github"
      }
    },
    "stinkpot": {
      "inputs": {
        "nixpkgs": [
          "nixpkgs"
        ]
      },
      "locked": {
        "lastModified": 1788731617,
        "narHash": "sha256-grsoctCXQf7uzf6jmPQpfT+O7imnLQIp66/tPMeT3dY=",
        "type": "tarball",
        "url": "https://tangled.org/did:plc:wqstj3k5tslmm246baaf3tpa/archive/9bc8ad17ddf66095b28f3a9bb9ca3a01c1e2092d.tar.gz?prefix=stinkpot-main"
      },
      "original": {
        "type": "tarball",
        "url": "https://tangled.org/oppi.li/stinkpot/archive/main.tar.gz"
      }
    },
    "systems": {
      "locked": {
        "lastModified": 1689347949,
        "narHash": "sha256-12tWmuL2zgBgZkdoB6qXZsgJEH9LR3oUgpaQq2RbI80=",
        "owner": "nix-systems",
        "repo": "default-linux",
        "rev": "31732fcf5e8fea42e59c2488ad31a0e651500f68",
        "type": "github"
      },
      "original": {
        "owner": "nix-systems",
        "ref": "main",
        "repo": "default-linux",
        "type": "github"
      }
    },
    "vaultix": {
      "inputs": {
        "crane": [
          "crane"
        ],
        "flake-parts": [
          "flake-parts"
        ],
        "nixpkgs": [
          "nixpkgs"
        ],
        "pre-commit-hooks": [
          "git-hooks"
        ]
      },
      "locked": {
        "lastModified": 1788981358,
        "narHash": "sha256-XijESLY+NC+KEzcIs+/06Pc6dAW8dJJHgWoFQ8LjomE=",
        "owner": "milieuim",
        "repo": "vaultix",
        "rev": "f882a39f249eeac27f884e6ea9618ba106ef0ebe",
        "type": "github"
      },
      "original": {
        "owner": "milieuim",
        "ref": "main",
        "repo": "vaultix",
        "type": "github"
      }
    },
    "wrapper-manager": {
      "locked": {
        "lastModified": 1788355120,
        "narHash": "sha256-JEuM7FjlX48cpDhDrkeIch5nNYANux5o0wcw8vnwUuE=",
        "rev": "5dbc685119c53a10c3f9a74b2716107413889796",
        "type": "tarball",
        "url": "https://codeberg.org/api/v1/repos/viperML/wrapper-manager/archive/5dbc685119c53a10c3f9a74b2716107413889796.tar.gz"
      },
      "original": {
        "type": "tarball",
        "url": "https://codeberg.org/viperML/wrapper-manager/archive/master.tar.gz"
      }
    }
  },
  "root": "root",
  "version": 7
}
